
Microsoft Visual Studio Solution File, Format Version 12.00
# Visual Studio 15
VisualStudioVersion = 15.0.27004.2002
MinimumVisualStudioVersion = 10.0.40219.1
Project("{FAE04EC0-301F-11D3-BF4B-00C04F79EFBC}") = "ConsoleApp1", "ConsoleApp1\ConsoleApp1.csproj", "{FE8077BA-0B0D-4998-A622-F8AEDAACDFA2}"
EndProject
Global
	GlobalSection(SolutionConfigurationPlatforms) = preSolution
		Debug|Any CPU = Debug|Any CPU
		Release|Any CPU = Release|Any CPU
	EndGlobalSection
	GlobalSection(ProjectConfigurationPlatforms) = postSolution
		{FE8077BA-0B0D-4998-A622-F8AEDAACDFA2}.Debug|Any CPU.ActiveCfg = Debug|Any CPU
		{FE8077BA-0B0D-4998-A622-F8AEDAACDFA2}.Debug|Any CPU.Build.0 = Debug|Any CPU
		{FE8077BA-0B0D-4998-A622-F8AEDAACDFA2}.Release|Any CPU.ActiveCfg = Release|Any CPU
		{FE8077BA-0B0D-4998-A622-F8AEDAACDFA2}.Release|Any CPU.Build.0 = Release|Any CPU
	EndGlobalSection
	GlobalSection(SolutionProperties) = preSolution
		HideSolutionNode = FALSE
	EndGlobalSection
	GlobalSection(ExtensibilityGlobals) = postSolution
		SolutionGuid = {3F3A80C9-2127-4F07-89CB-04281DAAE9E3}
	EndGlobalSection
EndGlobal
